{
  "version": 1,
  "projectId": "02612fc3-899b-4c05-a8cf-dff7cb0aa53b",
  "sources": {},
  "targets": {
    "messages/ar.json": {
      "hash": "sha256:427622c77c4c3bb6b07b4c616e78c85ba7aecb3c57dabf4ca133fd6565a7d219",
      "at": "2026-09-14T11:03:37.620Z"
    },
    "messages/de.json": {
      "hash": "sha256:acb1e575130357b30f840f7d725f5d972a54c31406f70ef8baa89851fdf9435b",
      "at": "2026-09-14T11:03:37.620Z"
    },
    "messages/fr.json": {
      "hash": "sha256:4ffbf41a4874487fd6aa4ab858c1ea2b75ce715823549bf1e6e6e5e00fcac7ec",
      "at": "2026-09-14T11:03:37.620Z"
    }
  }
}
